
Microsoft Visual Studio Solution File, Format Version 12.00
# Visual Studio Version 16
VisualStudioVersion = 16.0.30002.166
MinimumVisualStudioVersion = 10.0.40219.1
Project("{8BC9CEB8-8B4A-11D0-8D11-00A0C91BC942}") = "BxDFTool", "BxDFTool.vcxproj", "{4AD43ADB-B265-4BA4-9FC6-F08331E915CD}"
EndProject
Global
	GlobalSection(SolutionConfigurationPlatforms) = preSolution
		Debug|x64 = Debug|x64
		Release|x64 = Release|x64
	EndGlobalSection
	GlobalSection(ProjectConfigurationPlatforms) = postSolution
		{4AD43ADB-B265-4BA4-9FC6-F08331E915CD}.Debug|x64.ActiveCfg = Debug|x64
		{4AD43ADB-B265-4BA4-9FC6-F08331E915CD}.Debug|x64.Build.0 = Debug|x64
		{4AD43ADB-B265-4BA4-9FC6-F08331E915CD}.Release|x64.ActiveCfg = Release|x64
		{4AD43ADB-B265-4BA4-9FC6-F08331E915CD}.Release|x64.Build.0 = Release|x64
	EndGlobalSection
	GlobalSection(SolutionProperties) = preSolution
		HideSolutionNode = FALSE
	EndGlobalSection
	GlobalSection(ExtensibilityGlobals) = postSolution
		SolutionGuid = {C3406308-4F95-4F37-8A4A-B90573A7AE85}
	EndGlobalSection
EndGlobal
